// !$*UTF8*$!
{
	archiveVersion = 1;
	classes = {
	};
	objectVersion = 46;
	objects = {

/* Begin PBXBuildFile section */
		A50A767A1E696CF400FB4BA7 /* AppDelegate.swift in Sources */ = {isa = PBXBuildFile; fileRef = A50A76791E696CF400FB4BA7 /* AppDelegate.swift */; };
		A50A767C1E696CF400FB4BA7 /* ViewController.swift in Sources */ = {isa = PBXBuildFile; fileRef = A50A767B1E696CF400FB4BA7 /* ViewController.swift */; };
		A50A767F1E696CF400FB4BA7 /* Main.storyboard in Resources */ = {isa = PBXBuildFile; fileRef = A50A767D1E696CF400FB4BA7 /* Main.storyboard */; };
		A50A76811E696CF400FB4BA7 /* Assets.xcassets in Resources */ = {isa = PBXBuildFile; fileRef = A50A76801E696CF400FB4BA7 /* Assets.xcassets */; };
		A50A76841E696CF400FB4BA7 /* LaunchScreen.storyboard in Resources */ = {isa = PBXBuildFile; fileRef = A50A76821E696CF400FB4BA7 /* LaunchScreen.storyboard */; };
		A50A768F1E696CF500FB4BA7 /* MonClubTests.swift in Sources */ = {isa = PBXBuildFile; fileRef = A50A768E1E696CF500FB4BA7 /* MonClubTests.swift */; };
		A50A769A1E696CF500FB4BA7 /* MonClubUITests.swift in Sources */ = {isa = PBXBuildFile; fileRef = A50A76991E696CF500FB4BA7 /* MonClubUITests.swift */; };
		A50A76A91E69771E00FB4BA7 /* Module.plist in Resources */ = {isa = PBXBuildFile; fileRef = A50A76A81E69771E00FB4BA7 /* Module.plist */; };
/* End PBXBuildFile section */

/* Begin PBXContainerItemProxy section */
		A50A768B1E696CF500FB4BA7 /* PBXContainerItemProxy */ = {
			isa = PBXContainerItemProxy;
			containerPortal = A50A766E1E696CF400FB4BA7 /* Project object */;
			proxyType = 1;
			remoteGlobalIDString = A50A76751E696CF400FB4BA7;
			remoteInfo = MonClub;
		};
		A50A76961E696CF500FB4BA7 /* PBXContainerItemProxy */ = {
			isa = PBXContainerItemProxy;
			containerPortal = A50A766E1E696CF400FB4BA7 /* Project object */;
			proxyType = 1;
			remoteGlobalIDString = A50A76751E696CF400FB4BA7;
			remoteInfo = MonClub;
		};
/* End PBXContainerItemProxy section */

/* Begin PBXFileReference section */
		A50A76761E696CF400FB4BA7 /* MonClub.app */ = {isa = PBXFileReference; explicitFileType = wrapper.application; includeInIndex = 0; path = MonClub.app; sourceTree = BUILT_PRODUCTS_DIR; };
		A50A76791E696CF400FB4BA7 /* AppDelegate.swift */ = {isa = PBXFileReference; lastKnownFileType = sourcecode.swift; path = AppDelegate.swift; sourceTree = "<group>"; };
		A50A767B1E696CF400FB4BA7 /* ViewController.swift */ = {isa = PBXFileReference; lastKnownFileType = sourcecode.swift; path = ViewController.swift; sourceTree = "<group>"; };
		A50A767E1E696CF400FB4BA7 /* Base */ = {isa = PBXFileReference; lastKnownFileType = file.storyboard; name = Base; path = Base.lproj/Main.storyboard; sourceTree = "<group>"; };
		A50A76801E696CF400FB4BA7 /* Assets.xcassets */ = {isa = PBXFileReference; lastKnownFileType = folder.assetcatalog; path = Assets.xcassets; sourceTree = "<group>"; };
		A50A76831E696CF400FB4BA7 /* Base */ = {isa = PBXFileReference; lastKnownFileType = file.storyboard; name = Base; path = Base.lproj/LaunchScreen.storyboard; sourceTree = "<group>"; };
		A50A76851E696CF400FB4BA7 /* Info.plist */ = {isa = PBXFileReference; lastKnownFileType = text.plist.xml; path = Info.plist; sourceTree = "<group>"; };
		A50A768A1E696CF500FB4BA7 /* MonClubTests.xctest */ = {isa = PBXFileReference; explicitFileType = wrapper.cfbundle; includeInIndex = 0; path = MonClubTests.xctest; sourceTree = BUILT_PRODUCTS_DIR; };
		A50A768E1E696CF500FB4BA7 /* MonClubTests.swift */ = {isa = PBXFileReference; lastKnownFileType = sourcecode.swift; path = MonClubTests.swift; sourceTree = "<group>"; };
		A50A76901E696CF500FB4BA7 /* Info.plist */ = {isa = PBXFileReference; lastKnownFileType = text.plist.xml; path = Info.plist; sourceTree = "<group>"; };
		A50A76951E696CF500FB4BA7 /* MonClubUITests.xctest */ = {isa = PBXFileReference; explicitFileType = wrapper.cfbundle; includeInIndex = 0; path = MonClubUITests.xctest; sourceTree = BUILT_PRODUCTS_DIR; };
		A50A76991E696CF500FB4BA7 /* MonClubUITests.swift */ = {isa = PBXFileReference; lastKnownFileType = sourcecode.swift; path = MonClubUITests.swift; sourceTree = "<group>"; };
		A50A769B1E696CF500FB4BA7 /* Info.plist */ = {isa = PBXFileReference; lastKnownFileType = text.plist.xml; path = Info.plist; sourceTree = "<group>"; };
		A50A76A81E69771E00FB4BA7 /* Module.plist */ = {isa = PBXFileReference; fileEncoding = 4; lastKnownFileType = text.plist.xml; path = Module.plist; sourceTree = "<group>"; };
/* End PBXFileReference section */

/* Begin PBXFrameworksBuildPhase section */
		A50A76731E696CF400FB4BA7 /* Frameworks */ = {
			isa = PBXFrameworksBuildPhase;
			buildActionMask = 2147483647;
			files = (
			);
			runOnlyForDeploymentPostprocessing = 0;
		};
		A50A76871E696CF500FB4BA7 /* Frameworks */ = {
			isa = PBXFrameworksBuildPhase;
			buildActionMask = 2147483647;
			files = (
			);
			runOnlyForDeploymentPostprocessing = 0;
		};
		A50A76921E696CF500FB4BA7 /* Frameworks */ = {
			isa = PBXFrameworksBuildPhase;
			buildActionMask = 2147483647;
			files = (
			);
			runOnlyForDeploymentPostprocessing = 0;
		};
/* End PBXFrameworksBuildPhase section */

/* Begin PBXGroup section */
		A50A766D1E696CF400FB4BA7 = {
			isa = PBXGroup;
			children = (
				A50A76A71E69704100FB4BA7 /* MesClubs */,
				A50A76781E696CF400FB4BA7 /* MonClub */,
				A50A768D1E696CF500FB4BA7 /* MonClubTests */,
				A50A76981E696CF500FB4BA7 /* MonClubUITests */,
				A50A76771E696CF400FB4BA7 /* Products */,
			);
			sourceTree = "<group>";
		};
		A50A76771E696CF400FB4BA7 /* Products */ = {
			isa = PBXGroup;
			children = (
				A50A76761E696CF400FB4BA7 /* MonClub.app */,
				A50A768A1E696CF500FB4BA7 /* MonClubTests.xctest */,
				A50A76951E696CF500FB4BA7 /* MonClubUITests.xctest */,
			);
			name = Products;
			sourceTree = "<group>";
		};
		A50A76781E696CF400FB4BA7 /* MonClub */ = {
			isa = PBXGroup;
			children = (
				A50A76791E696CF400FB4BA7 /* AppDelegate.swift */,
				A50A767B1E696CF400FB4BA7 /* ViewController.swift */,
				A50A767D1E696CF400FB4BA7 /* Main.storyboard */,
				A50A76801E696CF400FB4BA7 /* Assets.xcassets */,
				A50A76821E696CF400FB4BA7 /* LaunchScreen.storyboard */,
				A50A76851E696CF400FB4BA7 /* Info.plist */,
				A50A76A81E69771E00FB4BA7 /* Module.plist */,
			);
			path = MonClub;
			sourceTree = "<group>";
		};
		A50A768D1E696CF500FB4BA7 /* MonClubTests */ = {
			isa = PBXGroup;
			children = (
				A50A768E1E696CF500FB4BA7 /* MonClubTests.swift */,
				A50A76901E696CF500FB4BA7 /* Info.plist */,
			);
			path = MonClubTests;
			sourceTree = "<group>";
		};
		A50A76981E696CF500FB4BA7 /* MonClubUITests */ = {
			isa = PBXGroup;
			children = (
				A50A76991E696CF500FB4BA7 /* MonClubUITests.swift */,
				A50A769B1E696CF500FB4BA7 /* Info.plist */,
			);
			path = MonClubUITests;
			sourceTree = "<group>";
		};
		A50A76A71E69704100FB4BA7 /* MesClubs */ = {
			isa = PBXGroup;
			children = (
			);
			name = MesClubs;
			sourceTree = "<group>";
		};
/* End PBXGroup section */

/* Begin PBXNativeTarget section */
		A50A76751E696CF400FB4BA7 /* MonClub */ = {
			isa = PBXNativeTarget;
			buildConfigurationList = A50A769E1E696CF500FB4BA7 /* Build configuration list for PBXNativeTarget "MonClub" */;
			buildPhases = (
				A50A76721E696CF400FB4BA7 /* Sources */,
				A50A76731E696CF400FB4BA7 /* Frameworks */,
				A50A76741E696CF400FB4BA7 /* Resources */,
			);
			buildRules = (
			);
			dependencies = (
			);
			name = MonClub;
			productName = MonClub;
			productReference = A50A76761E696CF400FB4BA7 /* MonClub.app */;
			productType = "com.apple.product-type.application";
		};
		A50A76891E696CF500FB4BA7 /* MonClubTests */ = {
			isa = PBXNativeTarget;
			buildConfigurationList = A50A76A11E696CF500FB4BA7 /* Build configuration list for PBXNativeTarget "MonClubTests" */;
			buildPhases = (
				A50A76861E696CF500FB4BA7 /* Sources */,
				A50A76871E696CF500FB4BA7 /* Frameworks */,
				A50A76881E696CF500FB4BA7 /* Resources */,
			);
			buildRules = (
			);
			dependencies = (
				A50A768C1E696CF500FB4BA7 /* PBXTargetDependency */,
			);
			name = MonClubTests;
			productName = MonClubTests;
			productReference = A50A768A1E696CF500FB4BA7 /* MonClubTests.xctest */;
			productType = "com.apple.product-type.bundle.unit-test";
		};
		A50A76941E696CF500FB4BA7 /* MonClubUITests */ = {
			isa = PBXNativeTarget;
			buildConfigurationList = A50A76A41E696CF500FB4BA7 /* Build configuration list for PBXNativeTarget "MonClubUITests" */;
			buildPhases = (
				A50A76911E696CF500FB4BA7 /* Sources */,
				A50A76921E696CF500FB4BA7 /* Frameworks */,
				A50A76931E696CF500FB4BA7 /* Resources */,
			);
			buildRules = (
			);
			dependencies = (
				A50A76971E696CF500FB4BA7 /* PBXTargetDependency */,
			);
			name = MonClubUITests;
			productName = MonClubUITests;
			productReference = A50A76951E696CF500FB4BA7 /* MonClubUITests.xctest */;
			productType = "com.apple.product-type.bundle.ui-testing";
		};
/* End PBXNativeTarget section */

/* Begin PBXProject section */
		A50A766E1E696CF400FB4BA7 /* Project object */ = {
			isa = PBXProject;
			attributes = {
				LastSwiftUpdateCheck = 0820;
				LastUpgradeCheck = 0820;
				ORGANIZATIONNAME = "Arnaud Verrier";
				TargetAttributes = {
					A50A76751E696CF400FB4BA7 = {
						CreatedOnToolsVersion = 8.2.1;
						DevelopmentTeam = 7X9NZTJFD4;
						ProvisioningStyle = Automatic;
					};
					A50A76891E696CF500FB4BA7 = {
						CreatedOnToolsVersion = 8.2.1;
						DevelopmentTeam = 7X9NZTJFD4;
						ProvisioningStyle = Automatic;
						TestTargetID = A50A76751E696CF400FB4BA7;
					};
					A50A76941E696CF500FB4BA7 = {
						CreatedOnToolsVersion = 8.2.1;
						DevelopmentTeam = 7X9NZTJFD4;
						ProvisioningStyle = Automatic;
						TestTargetID = A50A76751E696CF400FB4BA7;
					};
				};
			};
			buildConfigurationList = A50A76711E696CF400FB4BA7 /* Build configuration list for PBXProject "MonClub" */;
			compatibilityVersion = "Xcode 3.2";
			developmentRegion = English;
			hasScannedForEncodings = 0;
			knownRegions = (
				en,
				Base,
			);
			mainGroup = A50A766D1E696CF400FB4BA7;
			productRefGroup = A50A76771E696CF400FB4BA7 /* Products */;
			projectDirPath = "";
			projectRoot = "";
			targets = (
				A50A76751E696CF400FB4BA7 /* MonClub */,
				A50A76891E696CF500FB4BA7 /* MonClubTests */,
				A50A76941E696CF500FB4BA7 /* MonClubUITests */,
			);
		};
/* End PBXProject section */

/* Begin PBXResourcesBuildPhase section */
		A50A76741E696CF400FB4BA7 /* Resources */ = {
			isa = PBXResourcesBuildPhase;
			buildActionMask = 2147483647;
			files = (
				A50A76A91E69771E00FB4BA7 /* Module.plist in Resources */,
				A50A76841E696CF400FB4BA7 /* LaunchScreen.storyboard in Resources */,
				A50A76811E696CF400FB4BA7 /* Assets.xcassets in Resources */,
				A50A767F1E696CF400FB4BA7 /* Main.storyboard in Resources */,
			);
			runOnlyForDeploymentPostprocessing = 0;
		};
		A50A76881E696CF500FB4BA7 /* Resources */ = {
			isa = PBXResourcesBuildPhase;
			buildActionMask = 2147483647;
			files = (
			);
			runOnlyForDeploymentPostprocessing = 0;
		};
		A50A76931E696CF500FB4BA7 /* Resources */ = {
			isa = PBXResourcesBuildPhase;
			buildActionMask = 2147483647;
			files = (
			);
			runOnlyForDeploymentPostprocessing = 0;
		};
/* End PBXResourcesBuildPhase section */

/* Begin PBXSourcesBuildPhase section */
		A50A76721E696CF400FB4BA7 /* Sources */ = {
			isa = PBXSourcesBuildPhase;
			buildActionMask = 2147483647;
			files = (
				A50A767C1E696CF400FB4BA7 /* ViewController.swift in Sources */,
				A50A767A1E696CF400FB4BA7 /* AppDelegate.swift in Sources */,
			);
			runOnlyForDeploymentPostprocessing = 0;
		};
		A50A76861E696CF500FB4BA7 /* Sources */ = {
			isa = PBXSourcesBuildPhase;
			buildActionMask = 2147483647;
			files = (
				A50A768F1E696CF500FB4BA7 /* MonClubTests.swift in Sources */,
			);
			runOnlyForDeploymentPostprocessing = 0;
		};
		A50A76911E696CF500FB4BA7 /* Sources */ = {
			isa = PBXSourcesBuildPhase;
			buildActionMask = 2147483647;
			files = (
				A50A769A1E696CF500FB4BA7 /* MonClubUITests.swift in Sources */,
			);
			runOnlyForDeploymentPostprocessing = 0;
		};
/* End PBXSourcesBuildPhase section */

/* Begin PBXTargetDependency section */
		A50A768C1E696CF500FB4BA7 /* PBXTargetDependency */ = {
			isa = PBXTargetDependency;
			target = A50A76751E696CF400FB4BA7 /* MonClub */;
			targetProxy = A50A768B1E696CF500FB4BA7 /* PBXContainerItemProxy */;
		};
		A50A76971E696CF500FB4BA7 /* PBXTargetDependency */ = {
			isa = PBXTargetDependency;
			target = A50A76751E696CF400FB4BA7 /* MonClub */;
			targetProxy = A50A76961E696CF500FB4BA7 /* PBXContainerItemProxy */;
		};
/* End PBXTargetDependency section */

/* Begin PBXVariantGroup section */
		A50A767D1E696CF400FB4BA7 /* Main.storyboard */ = {
			isa = PBXVariantGroup;
			children = (
				A50A767E1E696CF400FB4BA7 /* Base */,
			);
			name = Main.storyboard;
			sourceTree = "<group>";
		};
		A50A76821E696CF400FB4BA7 /* LaunchScreen.storyboard */ = {
			isa = PBXVariantGroup;
			children = (
				A50A76831E696CF400FB4BA7 /* Base */,
			);
			name = LaunchScreen.storyboard;
			sourceTree = "<group>";
		};
/* End PBXVariantGroup section */

/* Begin XCBuildConfiguration section */
		A50A769C1E696CF500FB4BA7 /* Debug */ = {
			isa = XCBuildConfiguration;
			buildSettings = {
				ALWAYS_SEARCH_USER_PATHS = NO;
				CLANG_ANALYZER_NONNULL = YES;
				CLANG_CXX_LANGUAGE_STANDARD = "gnu++0x";
				CLANG_CXX_LIBRARY = "libc++";
				CLANG_ENABLE_MODULES = YES;
				CLANG_ENABLE_OBJC_ARC = YES;
				CLANG_WARN_BOOL_CONVERSION = YES;
				CLANG_WARN_CONSTANT_CONVERSION = YES;
				CLANG_WARN_DIRECT_OBJC_ISA_USAGE = YES_ERROR;
				CLANG_WARN_DOCUMENTATION_COMMENTS = YES;
				CLANG_WARN_EMPTY_BODY = YES;
				CLANG_WARN_ENUM_CONVERSION = YES;
				CLANG_WARN_INFINITE_RECURSION = YES;
				CLANG_WARN_INT_CONVERSION = YES;
				CLANG_WARN_OBJC_ROOT_CLASS = YES_ERROR;
				CLANG_WARN_SUSPICIOUS_MOVE = YES;
				CLANG_WARN_UNREACHABLE_CODE = YES;
				CLANG_WARN__DUPLICATE_METHOD_MATCH = YES;
				"CODE_SIGN_IDENTITY[sdk=iphoneos*]" = "iPhone Developer";
				COPY_PHASE_STRIP = NO;
				DEBUG_INFORMATION_FORMAT = dwarf;
				ENABLE_STRICT_OBJC_MSGSEND = YES;
				ENABLE_TESTABILITY = YES;
				GCC_C_LANGUAGE_STANDARD = gnu99;
				GCC_DYNAMIC_NO_PIC = NO;
				GCC_NO_COMMON_BLOCKS = YES;
				GCC_OPTIMIZATION_LEVEL = 0;
				GCC_PREPROCESSOR_DEFINITIONS = (
					"DEBUG=1",
					"$(inherited)",
				);
				GCC_WARN_64_TO_32_BIT_CONVERSION = YES;
				GCC_WARN_ABOUT_RETURN_TYPE = YES_ERROR;
				GCC_WARN_UNDECLARED_SELECTOR = YES;
				GCC_WARN_UNINITIALIZED_AUTOS = YES_AGGRESSIVE;
				GCC_WARN_UNUSED_FUNCTION = YES;
				GCC_WARN_UNUSED_VARIABLE = YES;
				IPHONEOS_DEPLOYMENT_TARGET = 10.2;
				MTL_ENABLE_DEBUG_INFO = YES;
				ONLY_ACTIVE_ARCH = YES;
				SDKROOT = iphoneos;
				SWIFT_ACTIVE_COMPILATION_CONDITIONS = DEBUG;
				SWIFT_OPTIMIZATION_LEVEL = "-Onone";
				TARGETED_DEVICE_FAMILY = "1,2";
			};
			name = Debug;
		};
		A50A769D1E696CF500FB4BA7 /* Release */ = {
			isa = XCBuildConfiguration;
			buildSettings = {
				ALWAYS_SEARCH_USER_PATHS = NO;
				CLANG_ANALYZER_NONNULL = YES;
				CLANG_CXX_LANGUAGE_STANDARD = "gnu++0x";
				CLANG_CXX_LIBRARY = "libc++";
				CLANG_ENABLE_MODULES = YES;
				CLANG_ENABLE_OBJC_ARC = YES;
				CLANG_WARN_BOOL_CONVERSION = YES;
				CLANG_WARN_CONSTANT_CONVERSION = YES;
				CLANG_WARN_DIRECT_OBJC_ISA_USAGE = YES_ERROR;
				CLANG_WARN_DOCUMENTATION_COMMENTS = YES;
				CLANG_WARN_EMPTY_BODY = YES;
				CLANG_WARN_ENUM_CONVERSION = YES;
				CLANG_WARN_INFINITE_RECURSION = YES;
				CLANG_WARN_INT_CONVERSION = YES;
				CLANG_WARN_OBJC_ROOT_CLASS = YES_ERROR;
				CLANG_WARN_SUSPICIOUS_MOVE = YES;
				CLANG_WARN_UNREACHABLE_CODE = YES;
				CLANG_WARN__DUPLICATE_METHOD_MATCH = YES;
				"CODE_SIGN_IDENTITY[sdk=iphoneos*]" = "iPhone Developer";
				COPY_PHASE_STRIP = NO;
				DEBUG_INFORMATION_FORMAT = "dwarf-with-dsym";
				ENABLE_NS_ASSERTIONS = NO;
				ENABLE_STRICT_OBJC_MSGSEND = YES;
				GCC_C_LANGUAGE_STANDARD = gnu99;
				GCC_NO_COMMON_BLOCKS = YES;
				GCC_WARN_64_TO_32_BIT_CONVERSION = YES;
				GCC_WARN_ABOUT_RETURN_TYPE = YES_ERROR;
				GCC_WARN_UNDECLARED_SELECTOR = YES;
				GCC_WARN_UNINITIALIZED_AUTOS = YES_AGGRESSIVE;
				GCC_WARN_UNUSED_FUNCTION = YES;
				GCC_WARN_UNUSED_VARIABLE = YES;
				IPHONEOS_DEPLOYMENT_TARGET = 10.2;
				MTL_ENABLE_DEBUG_INFO = NO;
				SDKROOT = iphoneos;
				SWIFT_OPTIMIZATION_LEVEL = "-Owholemodule";
				TARGETED_DEVICE_FAMILY = "1,2";
				VALIDATE_PRODUCT = YES;
			};
			name = Release;
		};
		A50A769F1E696CF500FB4BA7 /* Debug */ = {
			isa = XCBuildConfiguration;
			buildSettings = {
				ASSETCATALOG_COMPILER_APPICON_NAME = AppIcon;
				DEVELOPMENT_TEAM = 7X9NZTJFD4;
				INFOPLIST_FILE = MonClub/Info.plist;
				LD_RUNPATH_SEARCH_PATHS = "$(inherited) @executable_path/Frameworks";
				PRODUCT_BUNDLE_IDENTIFIER = Perso.MonClub;
				PRODUCT_NAME = "$(TARGET_NAME)";
				SWIFT_VERSION = 3.0;
			};
			name = Debug;
		};
		A50A76A01E696CF500FB4BA7 /* Release */ = {
			isa = XCBuildConfiguration;
			buildSettings = {
				ASSETCATALOG_COMPILER_APPICON_NAME = AppIcon;
				DEVELOPMENT_TEAM = 7X9NZTJFD4;
				INFOPLIST_FILE = MonClub/Info.plist;
				LD_RUNPATH_SEARCH_PATHS = "$(inherited) @executable_path/Frameworks";
				PRODUCT_BUNDLE_IDENTIFIER = Perso.MonClub;
				PRODUCT_NAME = "$(TARGET_NAME)";
				SWIFT_VERSION = 3.0;
			};
			name = Release;
		};
		A50A76A21E696CF500FB4BA7 /* Debug */ = {
			isa = XCBuildConfiguration;
			buildSettings = {
				ALWAYS_EMBED_SWIFT_STANDARD_LIBRARIES = YES;
				BUNDLE_LOADER = "$(TEST_HOST)";
				DEVELOPMENT_TEAM = 7X9NZTJFD4;
				INFOPLIST_FILE = MonClubTests/Info.plist;
				LD_RUNPATH_SEARCH_PATHS = "$(inherited) @executable_path/Frameworks @loader_path/Frameworks";
				PRODUCT_BUNDLE_IDENTIFIER = Perso.MonClubTests;
				PRODUCT_NAME = "$(TARGET_NAME)";
				SWIFT_VERSION = 3.0;
				TEST_HOST = "$(BUILT_PRODUCTS_DIR)/MonClub.app/MonClub";
			};
			name = Debug;
		};
		A50A76A31E696CF500FB4BA7 /* Release */ = {
			isa = XCBuildConfiguration;
			buildSettings = {
				ALWAYS_EMBED_SWIFT_STANDARD_LIBRARIES = YES;
				BUNDLE_LOADER = "$(TEST_HOST)";
				DEVELOPMENT_TEAM = 7X9NZTJFD4;
				INFOPLIST_FILE = MonClubTests/Info.plist;
				LD_RUNPATH_SEARCH_PATHS = "$(inherited) @executable_path/Frameworks @loader_path/Frameworks";
				PRODUCT_BUNDLE_IDENTIFIER = Perso.MonClubTests;
				PRODUCT_NAME = "$(TARGET_NAME)";
				SWIFT_VERSION = 3.0;
				TEST_HOST = "$(BUILT_PRODUCTS_DIR)/MonClub.app/MonClub";
			};
			name = Release;
		};
		A50A76A51E696CF500FB4BA7 /* Debug */ = {
			isa = XCBuildConfiguration;
			buildSettings = {
				ALWAYS_EMBED_SWIFT_STANDARD_LIBRARIES = YES;
				DEVELOPMENT_TEAM = 7X9NZTJFD4;
				INFOPLIST_FILE = MonClubUITests/Info.plist;
				LD_RUNPATH_SEARCH_PATHS = "$(inherited) @executable_path/Frameworks @loader_path/Frameworks";
				PRODUCT_BUNDLE_IDENTIFIER = Perso.MonClubUITests;
				PRODUCT_NAME = "$(TARGET_NAME)";
				SWIFT_VERSION = 3.0;
				TEST_TARGET_NAME = MonClub;
			};
			name = Debug;
		};
		A50A76A61E696CF500FB4BA7 /* Release */ = {
			isa = XCBuildConfiguration;
			buildSettings = {
				ALWAYS_EMBED_SWIFT_STANDARD_LIBRARIES = YES;
				DEVELOPMENT_TEAM = 7X9NZTJFD4;
				INFOPLIST_FILE = MonClubUITests/Info.plist;
				LD_RUNPATH_SEARCH_PATHS = "$(inherited) @executable_path/Frameworks @loader_path/Frameworks";
				PRODUCT_BUNDLE_IDENTIFIER = Perso.MonClubUITests;
				PRODUCT_NAME = "$(TARGET_NAME)";
				SWIFT_VERSION = 3.0;
				TEST_TARGET_NAME = MonClub;
			};
			name = Release;
		};
/* End XCBuildConfiguration section */

/* Begin XCConfigurationList section */
		A50A76711E696CF400FB4BA7 /* Build configuration list for PBXProject "MonClub" */ = {
			isa = XCConfigurationList;
			buildConfigurations = (
				A50A769C1E696CF500FB4BA7 /* Debug */,
				A50A769D1E696CF500FB4BA7 /* Release */,
			);
			defaultConfigurationIsVisible = 0;
			defaultConfigurationName = Release;
		};
		A50A769E1E696CF500FB4BA7 /* Build configuration list for PBXNativeTarget "MonClub" */ = {
			isa = XCConfigurationList;
			buildConfigurations = (
				A50A769F1E696CF500FB4BA7 /* Debug */,
				A50A76A01E696CF500FB4BA7 /* Release */,
			);
			defaultConfigurationIsVisible = 0;
		};
		A50A76A11E696CF500FB4BA7 /* Build configuration list for PBXNativeTarget "MonClubTests" */ = {
			isa = XCConfigurationList;
			buildConfigurations = (
				A50A76A21E696CF500FB4BA7 /* Debug */,
				A50A76A31E696CF500FB4BA7 /* Release */,
			);
			defaultConfigurationIsVisible = 0;
		};
		A50A76A41E696CF500FB4BA7 /* Build configuration list for PBXNativeTarget "MonClubUITests" */ = {
			isa = XCConfigurationList;
			buildConfigurations = (
				A50A76A51E696CF500FB4BA7 /* Debug */,
				A50A76A61E696CF500FB4BA7 /* Release */,
			);
			defaultConfigurationIsVisible = 0;
		};
/* End XCConfigurationList section */
	};
	rootObject = A50A766E1E696CF400FB4BA7 /* Project object */;
}
